// !$*UTF8*$!
{
	archiveVersion = 1;
	classes = {
	};
	objectVersion = 46;
	objects = {

/* Begin PBXBuildFile section */
		00BE6750187EA2BD001537B8 /* Foundation.framework in Frameworks */ = {isa = PBXBuildFile; fileRef = 00BE674F187EA2BD001537B8 /* Foundation.framework */; };
		00BE6752187EA2BD001537B8 /* CoreGraphics.framework in Frameworks */ = {isa = PBXBuildFile; fileRef = 00BE6751187EA2BD001537B8 /* CoreGraphics.framework */; };
		00BE6754187EA2BD001537B8 /* UIKit.framework in Frameworks */ = {isa = PBXBuildFile; fileRef = 00BE6753187EA2BD001537B8 /* UIKit.framework */; };
		00BE675A187EA2BD001537B8 /* InfoPlist.strings in Resources */ = {isa = PBXBuildFile; fileRef = 00BE6758187EA2BD001537B8 /* InfoPlist.strings */; };
		00BE675C187EA2BD001537B8 /* main.m in Sources */ = {isa = PBXBuildFile; fileRef = 00BE675B187EA2BD001537B8 /* main.m */; };
		00BE6760187EA2BD001537B8 /* AppDelegate.m in Sources */ = {isa = PBXBuildFile; fileRef = 00BE675F187EA2BD001537B8 /* AppDelegate.m */; };
		00BE6763187EA2BD001537B8 /* Main.storyboard in Resources */ = {isa = PBXBuildFile; fileRef = 00BE6761187EA2BD001537B8 /* Main.storyboard */; };
		00BE6766187EA2BD001537B8 /* ViewController.m in Sources */ = {isa = PBXBuildFile; fileRef = 00BE6765187EA2BD001537B8 /* ViewController.m */; };
		00BE6768187EA2BD001537B8 /* Images.xcassets in Resources */ = {isa = PBXBuildFile; fileRef = 00BE6767187EA2BD001537B8 /* Images.xcassets */; };
		00BE676F187EA2BD001537B8 /* XCTest.framework in Frameworks */ = {isa = PBXBuildFile; fileRef = 00BE676E187EA2BD001537B8 /* XCTest.framework */; };
		00BE6770187EA2BD001537B8 /* Foundation.framework in Frameworks */ = {isa = PBXBuildFile; fileRef = 00BE674F187EA2BD001537B8 /* Foundation.framework */; };
		00BE6771187EA2BD001537B8 /* UIKit.framework in Frameworks */ = {isa = PBXBuildFile; fileRef = 00BE6753187EA2BD001537B8 /* UIKit.framework */; };
		00BE6779187EA2BD001537B8 /* InfoPlist.strings in Resources */ = {isa = PBXBuildFile; fileRef = 00BE6777187EA2BD001537B8 /* InfoPlist.strings */; };
		00BE677B187EA2BD001537B8 /* ProjectModelSampleTests.m in Sources */ = {isa = PBXBuildFile; fileRef = 00BE677A187EA2BD001537B8 /* ProjectModelSampleTests.m */; };
/* End PBXBuildFile section */

/* Begin PBXContainerItemProxy section */
		00BE6772187EA2BD001537B8 /* PBXContainerItemProxy */ = {
			isa = PBXContainerItemProxy;
			containerPortal = 00BE6744187EA2BD001537B8 /* Project object */;
			proxyType = 1;
			remoteGlobalIDString = 00BE674B187EA2BD001537B8;
			remoteInfo = ProjectModelSample;
		};
/* End PBXContainerItemProxy section */

/* Begin PBXFileReference section */
		00BE674C187EA2BD001537B8 /* ProjectModelSample.app */ = {isa = PBXFileReference; explicitFileType = wrapper.application; includeInIndex = 0; path = ProjectModelSample.app; sourceTree = BUILT_PRODUCTS_DIR; };
		00BE674F187EA2BD001537B8 /* Foundation.framework */ = {isa = PBXFileReference; lastKnownFileType = wrapper.framework; name = Foundation.framework; path = System/Library/Frameworks/Foundation.framework; sourceTree = SDKROOT; };
		00BE6751187EA2BD001537B8 /* CoreGraphics.framework */ = {isa = PBXFileReference; lastKnownFileType = wrapper.framework; name = CoreGraphics.framework; path = System/Library/Frameworks/CoreGraphics.framework; sourceTree = SDKROOT; };
		00BE6753187EA2BD001537B8 /* UIKit.framework */ = {isa = PBXFileReference; lastKnownFileType = wrapper.framework; name = UIKit.framework; path = System/Library/Frameworks/UIKit.framework; sourceTree = SDKROOT; };
		00BE6757187EA2BD001537B8 /* ProjectModelSample-Info.plist */ = {isa = PBXFileReference; lastKnownFileType = text.plist.xml; path = "ProjectModelSample-Info.plist"; sourceTree = "<group>"; };
		00BE6759187EA2BD001537B8 /* en */ = {isa = PBXFileReference; lastKnownFileType = text.plist.strings; name = en; path = en.lproj/InfoPlist.strings; sourceTree = "<group>"; };
		00BE675B187EA2BD001537B8 /* main.m */ = {isa = PBXFileReference; lastKnownFileType = sourcecode.c.objc; path = main.m; sourceTree = "<group>"; };
		00BE675D187EA2BD001537B8 /* ProjectModelSample-Prefix.pch */ = {isa = PBXFileReference; lastKnownFileType = sourcecode.c.h; path = "ProjectModelSample-Prefix.pch"; sourceTree = "<group>"; };
		00BE675E187EA2BD001537B8 /* AppDelegate.h */ = {isa = PBXFileReference; lastKnownFileType = sourcecode.c.h; path = AppDelegate.h; sourceTree = "<group>"; };
		00BE675F187EA2BD001537B8 /* AppDelegate.m */ = {isa = PBXFileReference; lastKnownFileType = sourcecode.c.objc; path = AppDelegate.m; sourceTree = "<group>"; };
		00BE6762187EA2BD001537B8 /* Base */ = {isa = PBXFileReference; lastKnownFileType = file.storyboard; name = Base; path = Base.lproj/Main.storyboard; sourceTree = "<group>"; };
		00BE6764187EA2BD001537B8 /* ViewController.h */ = {isa = PBXFileReference; lastKnownFileType = sourcecode.c.h; path = ViewController.h; sourceTree = "<group>"; };
		00BE6765187EA2BD001537B8 /* ViewController.m */ = {isa = PBXFileReference; lastKnownFileType = sourcecode.c.objc; path = ViewController.m; sourceTree = "<group>"; };
		00BE6767187EA2BD001537B8 /* Images.xcassets */ = {isa = PBXFileReference; lastKnownFileType = folder.assetcatalog; path = Images.xcassets; sourceTree = "<group>"; };
		00BE676D187EA2BD001537B8 /* ProjectModelSampleTests.xctest */ = {isa = PBXFileReference; explicitFileType = wrapper.cfbundle; includeInIndex = 0; path = ProjectModelSampleTests.xctest; sourceTree = BUILT_PRODUCTS_DIR; };
		00BE676E187EA2BD001537B8 /* XCTest.framework */ = {isa = PBXFileReference; lastKnownFileType = wrapper.framework; name = XCTest.framework; path = Library/Frameworks/XCTest.framework; sourceTree = DEVELOPER_DIR; };
		00BE6776187EA2BD001537B8 /* ProjectModelSampleTests-Info.plist */ = {isa = PBXFileReference; lastKnownFileType = text.plist.xml; path = "ProjectModelSampleTests-Info.plist"; sourceTree = "<group>"; };
		00BE6778187EA2BD001537B8 /* en */ = {isa = PBXFileReference; lastKnownFileType = text.plist.strings; name = en; path = en.lproj/InfoPlist.strings; sourceTree = "<group>"; };
		00BE677A187EA2BD001537B8 /* ProjectModelSampleTests.m */ = {isa = PBXFileReference; lastKnownFileType = sourcecode.c.objc; path = ProjectModelSampleTests.m; sourceTree = "<group>"; };
/* End PBXFileReference section */

/* Begin PBXFrameworksBuildPhase section */
		00BE6749187EA2BD001537B8 /* Frameworks */ = {
			isa = PBXFrameworksBuildPhase;
			buildActionMask = 2147483647;
			files = (
				00BE6752187EA2BD001537B8 /* CoreGraphics.framework in Frameworks */,
				00BE6754187EA2BD001537B8 /* UIKit.framework in Frameworks */,
				00BE6750187EA2BD001537B8 /* Foundation.framework in Frameworks */,
			);
			runOnlyForDeploymentPostprocessing = 0;
		};
		00BE676A187EA2BD001537B8 /* Frameworks */ = {
			isa = PBXFrameworksBuildPhase;
			buildActionMask = 2147483647;
			files = (
				00BE676F187EA2BD001537B8 /* XCTest.framework in Frameworks */,
				00BE6771187EA2BD001537B8 /* UIKit.framework in Frameworks */,
				00BE6770187EA2BD001537B8 /* Foundation.framework in Frameworks */,
			);
			runOnlyForDeploymentPostprocessing = 0;
		};
/* End PBXFrameworksBuildPhase section */

/* Begin PBXGroup section */
		00BE6743187EA2BD001537B8 = {
			isa = PBXGroup;
			children = (
				00BE6755187EA2BD001537B8 /* ProjectModelSample */,
				00BE6774187EA2BD001537B8 /* ProjectModelSampleTests */,
				00BE674E187EA2BD001537B8 /* Frameworks */,
				00BE674D187EA2BD001537B8 /* Products */,
			);
			sourceTree = "<group>";
		};
		00BE674D187EA2BD001537B8 /* Products */ = {
			isa = PBXGroup;
			children = (
				00BE674C187EA2BD001537B8 /* ProjectModelSample.app */,
				00BE676D187EA2BD001537B8 /* ProjectModelSampleTests.xctest */,
			);
			name = Products;
			sourceTree = "<group>";
		};
		00BE674E187EA2BD001537B8 /* Frameworks */ = {
			isa = PBXGroup;
			children = (
				00BE674F187EA2BD001537B8 /* Foundation.framework */,
				00BE6751187EA2BD001537B8 /* CoreGraphics.framework */,
				00BE6753187EA2BD001537B8 /* UIKit.framework */,
				00BE676E187EA2BD001537B8 /* XCTest.framework */,
			);
			name = Frameworks;
			sourceTree = "<group>";
		};
		00BE6755187EA2BD001537B8 /* ProjectModelSample */ = {
			isa = PBXGroup;
			children = (
				00BE675E187EA2BD001537B8 /* AppDelegate.h */,
				00BE675F187EA2BD001537B8 /* AppDelegate.m */,
				00BE6761187EA2BD001537B8 /* Main.storyboard */,
				00BE6764187EA2BD001537B8 /* ViewController.h */,
				00BE6765187EA2BD001537B8 /* ViewController.m */,
				00BE6767187EA2BD001537B8 /* Images.xcassets */,
				00BE6756187EA2BD001537B8 /* Supporting Files */,
			);
			path = ProjectModelSample;
			sourceTree = "<group>";
		};
		00BE6756187EA2BD001537B8 /* Supporting Files */ = {
			isa = PBXGroup;
			children = (
				00BE6757187EA2BD001537B8 /* ProjectModelSample-Info.plist */,
				00BE6758187EA2BD001537B8 /* InfoPlist.strings */,
				00BE675B187EA2BD001537B8 /* main.m */,
				00BE675D187EA2BD001537B8 /* ProjectModelSample-Prefix.pch */,
			);
			name = "Supporting Files";
			sourceTree = "<group>";
		};
		00BE6774187EA2BD001537B8 /* ProjectModelSampleTests */ = {
			isa = PBXGroup;
			children = (
				00BE677A187EA2BD001537B8 /* ProjectModelSampleTests.m */,
				00BE6775187EA2BD001537B8 /* Supporting Files */,
			);
			path = ProjectModelSampleTests;
			sourceTree = "<group>";
		};
		00BE6775187EA2BD001537B8 /* Supporting Files */ = {
			isa = PBXGroup;
			children = (
				00BE6776187EA2BD001537B8 /* ProjectModelSampleTests-Info.plist */,
				00BE6777187EA2BD001537B8 /* InfoPlist.strings */,
			);
			name = "Supporting Files";
			sourceTree = "<group>";
		};
/* End PBXGroup section */

/* Begin PBXNativeTarget section */
		00BE674B187EA2BD001537B8 /* ProjectModelSample */ = {
			isa = PBXNativeTarget;
			buildConfigurationList = 00BE677E187EA2BD001537B8 /* Build configuration list for PBXNativeTarget "ProjectModelSample" */;
			buildPhases = (
				00BE6748187EA2BD001537B8 /* Sources */,
				00BE6749187EA2BD001537B8 /* Frameworks */,
				00BE674A187EA2BD001537B8 /* Resources */,
			);
			buildRules = (
			);
			dependencies = (
			);
			name = ProjectModelSample;
			productName = ProjectModelSample;
			productReference = 00BE674C187EA2BD001537B8 /* ProjectModelSample.app */;
			productType = "com.apple.product-type.application";
		};
		00BE676C187EA2BD001537B8 /* ProjectModelSampleTests */ = {
			isa = PBXNativeTarget;
			buildConfigurationList = 00BE6781187EA2BD001537B8 /* Build configuration list for PBXNativeTarget "ProjectModelSampleTests" */;
			buildPhases = (
				00BE6769187EA2BD001537B8 /* Sources */,
				00BE676A187EA2BD001537B8 /* Frameworks */,
				00BE676B187EA2BD001537B8 /* Resources */,
			);
			buildRules = (
			);
			dependencies = (
				00BE6773187EA2BD001537B8 /* PBXTargetDependency */,
			);
			name = ProjectModelSampleTests;
			productName = ProjectModelSampleTests;
			productReference = 00BE676D187EA2BD001537B8 /* ProjectModelSampleTests.xctest */;
			productType = "com.apple.product-type.bundle.unit-test";
		};
/* End PBXNativeTarget section */

/* Begin PBXProject section */
		00BE6744187EA2BD001537B8 /* Project object */ = {
			isa = PBXProject;
			attributes = {
				LastUpgradeCheck = 0500;
				ORGANIZATIONNAME = "SDT-1";
				TargetAttributes = {
					00BE676C187EA2BD001537B8 = {
						TestTargetID = 00BE674B187EA2BD001537B8;
					};
				};
			};
			buildConfigurationList = 00BE6747187EA2BD001537B8 /* Build configuration list for PBXProject "ProjectModelSample" */;
			compatibilityVersion = "Xcode 3.2";
			developmentRegion = English;
			hasScannedForEncodings = 0;
			knownRegions = (
				en,
				Base,
			);
			mainGroup = 00BE6743187EA2BD001537B8;
			productRefGroup = 00BE674D187EA2BD001537B8 /* Products */;
			projectDirPath = "";
			projectRoot = "";
			targets = (
				00BE674B187EA2BD001537B8 /* ProjectModelSample */,
				00BE676C187EA2BD001537B8 /* ProjectModelSampleTests */,
			);
		};
/* End PBXProject section */

/* Begin PBXResourcesBuildPhase section */
		00BE674A187EA2BD001537B8 /* Resources */ = {
			isa = PBXResourcesBuildPhase;
			buildActionMask = 2147483647;
			files = (
				00BE6768187EA2BD001537B8 /* Images.xcassets in Resources */,
				00BE675A187EA2BD001537B8 /* InfoPlist.strings in Resources */,
				00BE6763187EA2BD001537B8 /* Main.storyboard in Resources */,
			);
			runOnlyForDeploymentPostprocessing = 0;
		};
		00BE676B187EA2BD001537B8 /* Resources */ = {
			isa = PBXResourcesBuildPhase;
			buildActionMask = 2147483647;
			files = (
				00BE6779187EA2BD001537B8 /* InfoPlist.strings in Resources */,
			);
			runOnlyForDeploymentPostprocessing = 0;
		};
/* End PBXResourcesBuildPhase section */

/* Begin PBXSourcesBuildPhase section */
		00BE6748187EA2BD001537B8 /* Sources */ = {
			isa = PBXSourcesBuildPhase;
			buildActionMask = 2147483647;
			files = (
				00BE6766187EA2BD001537B8 /* ViewController.m in Sources */,
				00BE6760187EA2BD001537B8 /* AppDelegate.m in Sources */,
				00BE675C187EA2BD001537B8 /* main.m in Sources */,
			);
			runOnlyForDeploymentPostprocessing = 0;
		};
		00BE6769187EA2BD001537B8 /* Sources */ = {
			isa = PBXSourcesBuildPhase;
			buildActionMask = 2147483647;
			files = (
				00BE677B187EA2BD001537B8 /* ProjectModelSampleTests.m in Sources */,
			);
			runOnlyForDeploymentPostprocessing = 0;
		};
/* End PBXSourcesBuildPhase section */

/* Begin PBXTargetDependency section */
		00BE6773187EA2BD001537B8 /* PBXTargetDependency */ = {
			isa = PBXTargetDependency;
			target = 00BE674B187EA2BD001537B8 /* ProjectModelSample */;
			targetProxy = 00BE6772187EA2BD001537B8 /* PBXContainerItemProxy */;
		};
/* End PBXTargetDependency section */

/* Begin PBXVariantGroup section */
		00BE6758187EA2BD001537B8 /* InfoPlist.strings */ = {
			isa = PBXVariantGroup;
			children = (
				00BE6759187EA2BD001537B8 /* en */,
			);
			name = InfoPlist.strings;
			sourceTree = "<group>";
		};
		00BE6761187EA2BD001537B8 /* Main.storyboard */ = {
			isa = PBXVariantGroup;
			children = (
				00BE6762187EA2BD001537B8 /* Base */,
			);
			name = Main.storyboard;
			sourceTree = "<group>";
		};
		00BE6777187EA2BD001537B8 /* InfoPlist.strings */ = {
			isa = PBXVariantGroup;
			children = (
				00BE6778187EA2BD001537B8 /* en */,
			);
			name = InfoPlist.strings;
			sourceTree = "<group>";
		};
/* End PBXVariantGroup section */

/* Begin XCBuildConfiguration section */
		00BE677C187EA2BD001537B8 /* Debug */ = {
			isa = XCBuildConfiguration;
			buildSettings = {
				ALWAYS_SEARCH_USER_PATHS = NO;
				ARCHS = "$(ARCHS_STANDARD_INCLUDING_64_BIT)";
				CLANG_CXX_LANGUAGE_STANDARD = "gnu++0x";
				CLANG_CXX_LIBRARY = "libc++";
				CLANG_ENABLE_MODULES = YES;
				CLANG_ENABLE_OBJC_ARC = YES;
				CLANG_WARN_BOOL_CONVERSION = YES;
				CLANG_WARN_CONSTANT_CONVERSION = YES;
				CLANG_WARN_DIRECT_OBJC_ISA_USAGE = YES_ERROR;
				CLANG_WARN_EMPTY_BODY = YES;
				CLANG_WARN_ENUM_CONVERSION = YES;
				CLANG_WARN_INT_CONVERSION = YES;
				CLANG_WARN_OBJC_ROOT_CLASS = YES_ERROR;
				CLANG_WARN__DUPLICATE_METHOD_MATCH = YES;
				"CODE_SIGN_IDENTITY[sdk=iphoneos*]" = "iPhone Developer";
				COPY_PHASE_STRIP = NO;
				GCC_C_LANGUAGE_STANDARD = gnu99;
				GCC_DYNAMIC_NO_PIC = NO;
				GCC_OPTIMIZATION_LEVEL = 0;
				GCC_PREPROCESSOR_DEFINITIONS = (
					"DEBUG=1",
					"$(inherited)",
				);
				GCC_SYMBOLS_PRIVATE_EXTERN = NO;
				GCC_WARN_64_TO_32_BIT_CONVERSION = YES;
				GCC_WARN_ABOUT_RETURN_TYPE = YES_ERROR;
				GCC_WARN_UNDECLARED_SELECTOR = YES;
				GCC_WARN_UNINITIALIZED_AUTOS = YES;
				GCC_WARN_UNUSED_FUNCTION = YES;
				GCC_WARN_UNUSED_VARIABLE = YES;
				IPHONEOS_DEPLOYMENT_TARGET = 7.0;
				ONLY_ACTIVE_ARCH = YES;
				SDKROOT = iphoneos;
			};
			name = Debug;
		};
		00BE677D187EA2BD001537B8 /* Release */ = {
			isa = XCBuildConfiguration;
			buildSettings = {
				ALWAYS_SEARCH_USER_PATHS = NO;
				ARCHS = "$(ARCHS_STANDARD_INCLUDING_64_BIT)";
				CLANG_CXX_LANGUAGE_STANDARD = "gnu++0x";
				CLANG_CXX_LIBRARY = "libc++";
				CLANG_ENABLE_MODULES = YES;
				CLANG_ENABLE_OBJC_ARC = YES;
				CLANG_WARN_BOOL_CONVERSION = YES;
				CLANG_WARN_CONSTANT_CONVERSION = YES;
				CLANG_WARN_DIRECT_OBJC_ISA_USAGE = YES_ERROR;
				CLANG_WARN_EMPTY_BODY = YES;
				CLANG_WARN_ENUM_CONVERSION = YES;
				CLANG_WARN_INT_CONVERSION = YES;
				CLANG_WARN_OBJC_ROOT_CLASS = YES_ERROR;
				CLANG_WARN__DUPLICATE_METHOD_MATCH = YES;
				"CODE_SIGN_IDENTITY[sdk=iphoneos*]" = "iPhone Developer";
				COPY_PHASE_STRIP = YES;
				ENABLE_NS_ASSERTIONS = NO;
				GCC_C_LANGUAGE_STANDARD = gnu99;
				GCC_WARN_64_TO_32_BIT_CONVERSION = YES;
				GCC_WARN_ABOUT_RETURN_TYPE = YES_ERROR;
				GCC_WARN_UNDECLARED_SELECTOR = YES;
				GCC_WARN_UNINITIALIZED_AUTOS = YES;
				GCC_WARN_UNUSED_FUNCTION = YES;
				GCC_WARN_UNUSED_VARIABLE = YES;
				IPHONEOS_DEPLOYMENT_TARGET = 7.0;
				SDKROOT = iphoneos;
				VALIDATE_PRODUCT = YES;
			};
			name = Release;
		};
		00BE677F187EA2BD001537B8 /* Debug */ = {
			isa = XCBuildConfiguration;
			buildSettings = {
				ASSETCATALOG_COMPILER_APPICON_NAME = AppIcon;
				ASSETCATALOG_COMPILER_LAUNCHIMAGE_NAME = LaunchImage;
				GCC_PRECOMPILE_PREFIX_HEADER = YES;
				GCC_PREFIX_HEADER = "ProjectModelSample/ProjectModelSample-Prefix.pch";
				INFOPLIST_FILE = "ProjectModelSample/ProjectModelSample-Info.plist";
				PRODUCT_NAME = "$(TARGET_NAME)";
				WRAPPER_EXTENSION = app;
			};
			name = Debug;
		};
		00BE6780187EA2BD001537B8 /* Release */ = {
			isa = XCBuildConfiguration;
			buildSettings = {
				ASSETCATALOG_COMPILER_APPICON_NAME = AppIcon;
				ASSETCATALOG_COMPILER_LAUNCHIMAGE_NAME = LaunchImage;
				GCC_PRECOMPILE_PREFIX_HEADER = YES;
				GCC_PREFIX_HEADER = "ProjectModelSample/ProjectModelSample-Prefix.pch";
				INFOPLIST_FILE = "ProjectModelSample/ProjectModelSample-Info.plist";
				PRODUCT_NAME = "$(TARGET_NAME)";
				WRAPPER_EXTENSION = app;
			};
			name = Release;
		};
		00BE6782187EA2BD001537B8 /* Debug */ = {
			isa = XCBuildConfiguration;
			buildSettings = {
				ARCHS = "$(ARCHS_STANDARD_INCLUDING_64_BIT)";
				BUNDLE_LOADER = "$(BUILT_PRODUCTS_DIR)/ProjectModelSample.app/ProjectModelSample";
				FRAMEWORK_SEARCH_PATHS = (
					"$(SDKROOT)/Developer/Library/Frameworks",
					"$(inherited)",
					"$(DEVELOPER_FRAMEWORKS_DIR)",
				);
				GCC_PRECOMPILE_PREFIX_HEADER = YES;
				GCC_PREFIX_HEADER = "ProjectModelSample/ProjectModelSample-Prefix.pch";
				GCC_PREPROCESSOR_DEFINITIONS = (
					"DEBUG=1",
					"$(inherited)",
				);
				INFOPLIST_FILE = "ProjectModelSampleTests/ProjectModelSampleTests-Info.plist";
				PRODUCT_NAME = "$(TARGET_NAME)";
				TEST_HOST = "$(BUNDLE_LOADER)";
				WRAPPER_EXTENSION = xctest;
			};
			name = Debug;
		};
		00BE6783187EA2BD001537B8 /* Release */ = {
			isa = XCBuildConfiguration;
			buildSettings = {
				ARCHS = "$(ARCHS_STANDARD_INCLUDING_64_BIT)";
				BUNDLE_LOADER = "$(BUILT_PRODUCTS_DIR)/ProjectModelSample.app/ProjectModelSample";
				FRAMEWORK_SEARCH_PATHS = (
					"$(SDKROOT)/Developer/Library/Frameworks",
					"$(inherited)",
					"$(DEVELOPER_FRAMEWORKS_DIR)",
				);
				GCC_PRECOMPILE_PREFIX_HEADER = YES;
				GCC_PREFIX_HEADER = "ProjectModelSample/ProjectModelSample-Prefix.pch";
				INFOPLIST_FILE = "ProjectModelSampleTests/ProjectModelSampleTests-Info.plist";
				PRODUCT_NAME = "$(TARGET_NAME)";
				TEST_HOST = "$(BUNDLE_LOADER)";
				WRAPPER_EXTENSION = xctest;
			};
			name = Release;
		};
/* End XCBuildConfiguration section */

/* Begin XCConfigurationList section */
		00BE6747187EA2BD001537B8 /* Build configuration list for PBXProject "ProjectModelSample" */ = {
			isa = XCConfigurationList;
			buildConfigurations = (
				00BE677C187EA2BD001537B8 /* Debug */,
				00BE677D187EA2BD001537B8 /* Release */,
			);
			defaultConfigurationIsVisible = 0;
			defaultConfigurationName = Release;
		};
		00BE677E187EA2BD001537B8 /* Build configuration list for PBXNativeTarget "ProjectModelSample" */ = {
			isa = XCConfigurationList;
			buildConfigurations = (
				00BE677F187EA2BD001537B8 /* Debug */,
				00BE6780187EA2BD001537B8 /* Release */,
			);
			defaultConfigurationIsVisible = 0;
		};
		00BE6781187EA2BD001537B8 /* Build configuration list for PBXNativeTarget "ProjectModelSampleTests" */ = {
			isa = XCConfigurationList;
			buildConfigurations = (
				00BE6782187EA2BD001537B8 /* Debug */,
				00BE6783187EA2BD001537B8 /* Release */,
			);
			defaultConfigurationIsVisible = 0;
		};
/* End XCConfigurationList section */
	};
	rootObject = 00BE6744187EA2BD001537B8 /* Project object */;
}
